
Microsoft Visual Studio Solution File, Format Version 12.00
# Visual Studio Version 17
VisualStudioVersion = 17.2.32516.85
MinimumVisualStudioVersion = 10.0.40219.1
Project("{FAE04EC0-301F-11D3-BF4B-00C04F79EFBC}") = "AspNetCoreIdentity", "AspNetCoreIdentity\AspNetCoreIdentity.csproj", "{FB77C451-1105-4DA6-8B21-5B0DB10737C5}"
EndProject
Global
	GlobalSection(SolutionConfigurationPlatforms) = preSolution
		Debug|Any CPU = Debug|Any CPU
		Release|Any CPU = Release|Any CPU
	EndGlobalSection
	GlobalSection(ProjectConfigurationPlatforms) = postSolution
		{FB77C451-1105-4DA6-8B21-5B0DB10737C5}.Debug|Any CPU.ActiveCfg = Debug|Any CPU
		{FB77C451-1105-4DA6-8B21-5B0DB10737C5}.Debug|Any CPU.Build.0 = Debug|Any CPU
		{FB77C451-1105-4DA6-8B21-5B0DB10737C5}.Release|Any CPU.ActiveCfg = Release|Any CPU
		{FB77C451-1105-4DA6-8B21-5B0DB10737C5}.Release|Any CPU.Build.0 = Release|Any CPU
	EndGlobalSection
	GlobalSection(SolutionProperties) = preSolution
		HideSolutionNode = FALSE
	EndGlobalSection
	GlobalSection(ExtensibilityGlobals) = postSolution
		SolutionGuid = {BBCBB9BB-486D-49A8-A19B-E4D4ED957861}
	EndGlobalSection
EndGlobal
